{
  "name": "@tinypudding/firebase-derpibooru-database",
  "version": "1.0.8",
  "lockfileVersion": 1,
  "requires": true,
  "dependencies": {
    "@tinypudding/firebase-booru-database": {
      "version": "1.3.2",
      "resolved": "https://registry.npmjs.org/@tinypudding/firebase-booru-database/-/firebase-booru-database-1.3.2.tgz",
      "integrity": "sha512-OIVND89B/9NGTZEMAFn22bPLvX1eVbW8HXtkvxqNacXhd9mS74q21LIB88ZYgmtIl0eBPZfKDRnbMOeY6it8bA==",
      "requires": {
        "@tinypudding/puddy-lib": "^1.0.2",
        "clone": "^2.1.2",
        "for-promise": "^1.3.2",
        "json-sizeof": "^1.3.0",
        "object-extend": "^0.5.0",
        "object-hash": "^2.1.1",
        "valid-url": "^1.0.9"
      },
      "dependencies": {
        "for-promise": {
          "version": "1.3.2",
          "resolved": "https://registry.npmjs.org/for-promise/-/for-promise-1.3.2.tgz",
          "integrity": "sha512-aDO6ITur+2XfgXkpwEn5hh4eZGyAt1F+AxsTQo5aiEXi34jM36V+xkDCqOPa1TC0+BvorkV+6rWx/569Qls9hw=="
        }
      }
    },
    "@tinypudding/puddy-lib": {
      "version": "1.0.6",
      "resolved": "https://registry.npmjs.org/@tinypudding/puddy-lib/-/puddy-lib-1.0.6.tgz",
      "integrity": "sha512-giylz0Qu+Kt8XPjIPBfHiqefaUiFr2oPPfe2tYJ5o27zFrFanYUW1/FSozOigKuGzI2VwbyWfSZkruZIRHqBgQ=="
    },
    "clone": {
      "version": "2.1.2",
      "resolved": "https://registry.npmjs.org/clone/-/clone-2.1.2.tgz",
      "integrity": "sha1-G39Ln1kfHo+DZwQBYANFoCiHQ18="
    },
    "for-promise": {
      "version": "1.2.7",
      "resolved": "https://registry.npmjs.org/for-promise/-/for-promise-1.2.7.tgz",
      "integrity": "sha512-xjOblkPJJ8Cm/qEQVb0/TJ1Luzpo2PZMIeSo0QE5tsV5YqEdZd9wOdbL6qhv6uAgG1+L9RwIui8G1S/0LkGt8g=="
    },
    "json-sizeof": {
      "version": "1.3.0",
      "resolved": "https://registry.npmjs.org/json-sizeof/-/json-sizeof-1.3.0.tgz",
      "integrity": "sha512-FqnBytHK3MI78WlsehcXtmq/neNcTCaxBL4rvDntI71bFsyKHRR5/K4mYq5PO7QBLYa/Ccds2JfR/Q3ZHWL5+Q=="
    },
    "lodash": {
      "version": "4.17.20",
      "resolved": "https://registry.npmjs.org/lodash/-/lodash-4.17.20.tgz",
      "integrity": "sha512-PlhdFcillOINfeV7Ni6oF1TAEayyZBoZ8bcshTHqOYJYlrqzRK5hagpagky5o4HfCzzd1TRkXPMFq6cKk9rGmA=="
    },
    "node-fetch": {
      "version": "2.6.1",
      "resolved": "https://registry.npmjs.org/node-fetch/-/node-fetch-2.6.1.tgz",
      "integrity": "sha512-V4aYg89jEoVRxRb2fJdAg8FHvI7cEyYdVAh94HH0UIK8oJxUfkjlDQN9RbMx+bEjP7+ggMiFRprSti032Oipxw=="
    },
    "object-extend": {
      "version": "0.5.0",
      "resolved": "https://registry.npmjs.org/object-extend/-/object-extend-0.5.0.tgz",
      "integrity": "sha1-9zxcrQXVINiCzLH/TN55/piA6Ls="
    },
    "object-hash": {
      "version": "2.1.1",
      "resolved": "https://registry.npmjs.org/object-hash/-/object-hash-2.1.1.tgz",
      "integrity": "sha512-VOJmgmS+7wvXf8CjbQmimtCnEx3IAoLxI3fp2fbWehxrWBcAQFbk+vcwb6vzR0VZv/eNCJ/27j151ZTwqW/JeQ=="
    },
    "valid-url": {
      "version": "1.0.9",
      "resolved": "https://registry.npmjs.org/valid-url/-/valid-url-1.0.9.tgz",
      "integrity": "sha1-HBRHm0DxOXp1eC8RXkCGRHQzogA="
    }
  }
}
